// !$*UTF8*$!
{
	archiveVersion = 1;
	classes = {
	};
	objectVersion = 46;
	objects = {

/* Begin PBXBuildFile section */
		352085D22095C833007D4227 /* AppDelegate.swift in Sources */ = {isa = PBXBuildFile; fileRef = 352085D12095C833007D4227 /* AppDelegate.swift */; };
		352085D42095C833007D4227 /* ViewController.swift in Sources */ = {isa = PBXBuildFile; fileRef = 352085D32095C833007D4227 /* ViewController.swift */; };
		352085D72095C833007D4227 /* Main.storyboard in Resources */ = {isa = PBXBuildFile; fileRef = 352085D52095C833007D4227 /* Main.storyboard */; };
		352085D92095C833007D4227 /* Assets.xcassets in Resources */ = {isa = PBXBuildFile; fileRef = 352085D82095C833007D4227 /* Assets.xcassets */; };
		352085DC2095C833007D4227 /* LaunchScreen.storyboard in Resources */ = {isa = PBXBuildFile; fileRef = 352085DA2095C833007D4227 /* LaunchScreen.storyboard */; };
/* End PBXBuildFile section */

/* Begin PBXFileReference section */
		352085CE2095C833007D4227 /* MoviesAppWithAPI.app */ = {isa = PBXFileReference; explicitFileType = wrapper.application; includeInIndex = 0; path = MoviesAppWithAPI.app; sourceTree = BUILT_PRODUCTS_DIR; };
		352085D12095C833007D4227 /* AppDelegate.swift */ = {isa = PBXFileReference; lastKnownFileType = sourcecode.swift; path = AppDelegate.swift; sourceTree = "<group>"; };
		352085D32095C833007D4227 /* ViewController.swift */ = {isa = PBXFileReference; lastKnownFileType = sourcecode.swift; path = ViewController.swift; sourceTree = "<group>"; };
		352085D62095C833007D4227 /* Base */ = {isa = PBXFileReference; lastKnownFileType = file.storyboard; name = Base; path = Base.lproj/Main.storyboard; sourceTree = "<group>"; };
		352085D82095C833007D4227 /* Assets.xcassets */ = {isa = PBXFileReference; lastKnownFileType = folder.assetcatalog; path = Assets.xcassets; sourceTree = "<group>"; };
		352085DB2095C833007D4227 /* Base */ = {isa = PBXFileReference; lastKnownFileType = file.storyboard; name = Base; path = Base.lproj/LaunchScreen.storyboard; sourceTree = "<group>"; };
		352085DD2095C833007D4227 /* Info.plist */ = {isa = PBXFileReference; lastKnownFileType = text.plist.xml; path = Info.plist; sourceTree = "<group>"; };
/* End PBXFileReference section */

/* Begin PBXFrameworksBuildPhase section */
		352085CB2095C833007D4227 /* Frameworks */ = {
			isa = PBXFrameworksBuildPhase;
			buildActionMask = 2147483647;
			files = (
			);
			runOnlyForDeploymentPostprocessing = 0;
		};
/* End PBXFrameworksBuildPhase section */

/* Begin PBXGroup section */
		352085C52095C833007D4227 = {
			isa = PBXGroup;
			children = (
				352085D02095C833007D4227 /* MoviesAppWithAPI */,
				352085CF2095C833007D4227 /* Products */,
			);
			sourceTree = "<group>";
		};
		352085CF2095C833007D4227 /* Products */ = {
			isa = PBXGroup;
			children = (
				352085CE2095C833007D4227 /* MoviesAppWithAPI.app */,
			);
			name = Products;
			sourceTree = "<group>";
		};
		352085D02095C833007D4227 /* MoviesAppWithAPI */ = {
			isa = PBXGroup;
			children = (
				352085D12095C833007D4227 /* AppDelegate.swift */,
				352085D32095C833007D4227 /* ViewController.swift */,
				352085D52095C833007D4227 /* Main.storyboard */,
				352085D82095C833007D4227 /* Assets.xcassets */,
				352085DA2095C833007D4227 /* LaunchScreen.storyboard */,
				352085DD2095C833007D4227 /* Info.plist */,
			);
			path = MoviesAppWithAPI;
			sourceTree = "<group>";
		};
/* End PBXGroup section */

/* Begin PBXNativeTarget section */
		352085CD2095C833007D4227 /* MoviesAppWithAPI */ = {
			isa = PBXNativeTarget;
			buildConfigurationList = 352085E02095C833007D4227 /* Build configuration list for PBXNativeTarget "MoviesAppWithAPI" */;
			buildPhases = (
				352085CA2095C833007D4227 /* Sources */,
				352085CB2095C833007D4227 /* Frameworks */,
				352085CC2095C833007D4227 /* Resources */,
			);
			buildRules = (
			);
			dependencies = (
			);
			name = MoviesAppWithAPI;
			productName = MoviesAppWithAPI;
			productReference = 352085CE2095C833007D4227 /* MoviesAppWithAPI.app */;
			productType = "com.apple.product-type.application";
		};
/* End PBXNativeTarget section */

/* Begin PBXProject section */
		352085C62095C833007D4227 /* Project object */ = {
			isa = PBXProject;
			attributes = {
				LastSwiftUpdateCheck = 0830;
				LastUpgradeCheck = 0830;
				ORGANIZATIONNAME = Developers2Be;
				TargetAttributes = {
					352085CD2095C833007D4227 = {
						CreatedOnToolsVersion = 8.3.3;
						ProvisioningStyle = Automatic;
					};
				};
			};
			buildConfigurationList = 352085C92095C833007D4227 /* Build configuration list for PBXProject "MoviesAppWithAPI" */;
			compatibilityVersion = "Xcode 3.2";
			developmentRegion = English;
			hasScannedForEncodings = 0;
			knownRegions = (
				en,
				Base,
			);
			mainGroup = 352085C52095C833007D4227;
			productRefGroup = 352085CF2095C833007D4227 /* Products */;
			projectDirPath = "";
			projectRoot = "";
			targets = (
				352085CD2095C833007D4227 /* MoviesAppWithAPI */,
			);
		};
/* End PBXProject section */

/* Begin PBXResourcesBuildPhase section */
		352085CC2095C833007D4227 /* Resources */ = {
			isa = PBXResourcesBuildPhase;
			buildActionMask = 2147483647;
			files = (
				352085DC2095C833007D4227 /* LaunchScreen.storyboard in Resources */,
				352085D92095C833007D4227 /* Assets.xcassets in Resources */,
				352085D72095C833007D4227 /* Main.storyboard in Resources */,
			);
			runOnlyForDeploymentPostprocessing = 0;
		};
/* End PBXResourcesBuildPhase section */

/* Begin PBXSourcesBuildPhase section */
		352085CA2095C833007D4227 /* Sources */ = {
			isa = PBXSourcesBuildPhase;
			buildActionMask = 2147483647;
			files = (
				352085D42095C833007D4227 /* ViewController.swift in Sources */,
				352085D22095C833007D4227 /* AppDelegate.swift in Sources */,
			);
			runOnlyForDeploymentPostprocessing = 0;
		};
/* End PBXSourcesBuildPhase section */

/* Begin PBXVariantGroup section */
		352085D52095C833007D4227 /* Main.storyboard */ = {
			isa = PBXVariantGroup;
			children = (
				352085D62095C833007D4227 /* Base */,
			);
			name = Main.storyboard;
			sourceTree = "<group>";
		};
		352085DA2095C833007D4227 /* LaunchScreen.storyboard */ = {
			isa = PBXVariantGroup;
			children = (
				352085DB2095C833007D4227 /* Base */,
			);
			name = LaunchScreen.storyboard;
			sourceTree = "<group>";
		};
/* End PBXVariantGroup section */

/* Begin XCBuildConfiguration section */
		352085DE2095C833007D4227 /* Debug */ = {
			isa = XCBuildConfiguration;
			buildSettings = {
				ALWAYS_SEARCH_USER_PATHS = NO;
				CLANG_ANALYZER_NONNULL = YES;
				CLANG_ANALYZER_NUMBER_OBJECT_CONVERSION = YES_AGGRESSIVE;
				CLANG_CXX_LANGUAGE_STANDARD = "gnu++0x";
				CLANG_CXX_LIBRARY = "libc++";
				CLANG_ENABLE_MODULES = YES;
				CLANG_ENABLE_OBJC_ARC = YES;
				CLANG_WARN_BOOL_CONVERSION = YES;
				CLANG_WARN_CONSTANT_CONVERSION = YES;
				CLANG_WARN_DIRECT_OBJC_ISA_USAGE = YES_ERROR;
				CLANG_WARN_DOCUMENTATION_COMMENTS = YES;
				CLANG_WARN_EMPTY_BODY = YES;
				CLANG_WARN_ENUM_CONVERSION = YES;
				CLANG_WARN_INFINITE_RECURSION = YES;
				CLANG_WARN_INT_CONVERSION = YES;
				CLANG_WARN_OBJC_ROOT_CLASS = YES_ERROR;
				CLANG_WARN_SUSPICIOUS_MOVE = YES;
				CLANG_WARN_UNREACHABLE_CODE = YES;
				CLANG_WARN__DUPLICATE_METHOD_MATCH = YES;
				"CODE_SIGN_IDENTITY[sdk=iphoneos*]" = "iPhone Developer";
				COPY_PHASE_STRIP = NO;
				DEBUG_INFORMATION_FORMAT = dwarf;
				ENABLE_STRICT_OBJC_MSGSEND = YES;
				ENABLE_TESTABILITY = YES;
				GCC_C_LANGUAGE_STANDARD = gnu99;
				GCC_DYNAMIC_NO_PIC = NO;
				GCC_NO_COMMON_BLOCKS = YES;
				GCC_OPTIMIZATION_LEVEL = 0;
				GCC_PREPROCESSOR_DEFINITIONS = (
					"DEBUG=1",
					"$(inherited)",
				);
				GCC_WARN_64_TO_32_BIT_CONVERSION = YES;
				GCC_WARN_ABOUT_RETURN_TYPE = YES_ERROR;
				GCC_WARN_UNDECLARED_SELECTOR = YES;
				GCC_WARN_UNINITIALIZED_AUTOS = YES_AGGRESSIVE;
				GCC_WARN_UNUSED_FUNCTION = YES;
				GCC_WARN_UNUSED_VARIABLE = YES;
				IPHONEOS_DEPLOYMENT_TARGET = 10.3;
				MTL_ENABLE_DEBUG_INFO = YES;
				ONLY_ACTIVE_ARCH = YES;
				SDKROOT = iphoneos;
				SWIFT_ACTIVE_COMPILATION_CONDITIONS = DEBUG;
				SWIFT_OPTIMIZATION_LEVEL = "-Onone";
				TARGETED_DEVICE_FAMILY = "1,2";
			};
			name = Debug;
		};
		352085DF2095C833007D4227 /* Release */ = {
			isa = XCBuildConfiguration;
			buildSettings = {
				ALWAYS_SEARCH_USER_PATHS = NO;
				CLANG_ANALYZER_NONNULL = YES;
				CLANG_ANALYZER_NUMBER_OBJECT_CONVERSION = YES_AGGRESSIVE;
				CLANG_CXX_LANGUAGE_STANDARD = "gnu++0x";
				CLANG_CXX_LIBRARY = "libc++";
				CLANG_ENABLE_MODULES = YES;
				CLANG_ENABLE_OBJC_ARC = YES;
				CLANG_WARN_BOOL_CONVERSION = YES;
				CLANG_WARN_CONSTANT_CONVERSION = YES;
				CLANG_WARN_DIRECT_OBJC_ISA_USAGE = YES_ERROR;
				CLANG_WARN_DOCUMENTATION_COMMENTS = YES;
				CLANG_WARN_EMPTY_BODY = YES;
				CLANG_WARN_ENUM_CONVERSION = YES;
				CLANG_WARN_INFINITE_RECURSION = YES;
				CLANG_WARN_INT_CONVERSION = YES;
				CLANG_WARN_OBJC_ROOT_CLASS = YES_ERROR;
				CLANG_WARN_SUSPICIOUS_MOVE = YES;
				CLANG_WARN_UNREACHABLE_CODE = YES;
				CLANG_WARN__DUPLICATE_METHOD_MATCH = YES;
				"CODE_SIGN_IDENTITY[sdk=iphoneos*]" = "iPhone Developer";
				COPY_PHASE_STRIP = NO;
				DEBUG_INFORMATION_FORMAT = "dwarf-with-dsym";
				ENABLE_NS_ASSERTIONS = NO;
				ENABLE_STRICT_OBJC_MSGSEND = YES;
				GCC_C_LANGUAGE_STANDARD = gnu99;
				GCC_NO_COMMON_BLOCKS = YES;
				GCC_WARN_64_TO_32_BIT_CONVERSION = YES;
				GCC_WARN_ABOUT_RETURN_TYPE = YES_ERROR;
				GCC_WARN_UNDECLARED_SELECTOR = YES;
				GCC_WARN_UNINITIALIZED_AUTOS = YES_AGGRESSIVE;
				GCC_WARN_UNUSED_FUNCTION = YES;
				GCC_WARN_UNUSED_VARIABLE = YES;
				IPHONEOS_DEPLOYMENT_TARGET = 10.3;
				MTL_ENABLE_DEBUG_INFO = NO;
				SDKROOT = iphoneos;
				SWIFT_OPTIMIZATION_LEVEL = "-Owholemodule";
				TARGETED_DEVICE_FAMILY = "1,2";
				VALIDATE_PRODUCT = YES;
			};
			name = Release;
		};
		352085E12095C833007D4227 /* Debug */ = {
			isa = XCBuildConfiguration;
			buildSettings = {
				ASSETCATALOG_COMPILER_APPICON_NAME = AppIcon;
				INFOPLIST_FILE = MoviesAppWithAPI/Info.plist;
				LD_RUNPATH_SEARCH_PATHS = "$(inherited) @executable_path/Frameworks";
				PRODUCT_BUNDLE_IDENTIFIER = com.TestProject.MoviesAppWithAPI;
				PRODUCT_NAME = "$(TARGET_NAME)";
				SWIFT_VERSION = 3.0;
			};
			name = Debug;
		};
		352085E22095C833007D4227 /* Release */ = {
			isa = XCBuildConfiguration;
			buildSettings = {
				ASSETCATALOG_COMPILER_APPICON_NAME = AppIcon;
				INFOPLIST_FILE = MoviesAppWithAPI/Info.plist;
				LD_RUNPATH_SEARCH_PATHS = "$(inherited) @executable_path/Frameworks";
				PRODUCT_BUNDLE_IDENTIFIER = com.TestProject.MoviesAppWithAPI;
				PRODUCT_NAME = "$(TARGET_NAME)";
				SWIFT_VERSION = 3.0;
			};
			name = Release;
		};
/* End XCBuildConfiguration section */

/* Begin XCConfigurationList section */
		352085C92095C833007D4227 /* Build configuration list for PBXProject "MoviesAppWithAPI" */ = {
			isa = XCConfigurationList;
			buildConfigurations = (
				352085DE2095C833007D4227 /* Debug */,
				352085DF2095C833007D4227 /* Release */,
			);
			defaultConfigurationIsVisible = 0;
			defaultConfigurationName = Release;
		};
		352085E02095C833007D4227 /* Build configuration list for PBXNativeTarget "MoviesAppWithAPI" */ = {
			isa = XCConfigurationList;
			buildConfigurations = (
				352085E12095C833007D4227 /* Debug */,
				352085E22095C833007D4227 /* Release */,
			);
			defaultConfigurationIsVisible = 0;
		};
/* End XCConfigurationList section */
	};
	rootObject = 352085C62095C833007D4227 /* Project object */;
}
